
Microsoft Visual Studio Solution File, Format Version 12.00
# Visual Studio 15
VisualStudioVersion = 15.0.28307.271
MinimumVisualStudioVersion = 10.0.40219.1
Project("{FAE04EC0-301F-11D3-BF4B-00C04F79EFBC}") = "TicTacToe", "Tic Tac Toe\TicTacToe.csproj", "{646E0625-7585-47B6-8EE4-F2E36011CA0C}"
EndProject
Project("{FAE04EC0-301F-11D3-BF4B-00C04F79EFBC}") = "External", "External\External.csproj", "{E9444E4B-8ABA-44D9-9A10-3F3C96758F32}"
EndProject
Global
	GlobalSection(SolutionConfigurationPlatforms) = preSolution
		Debug|Any CPU = Debug|Any CPU
		Debug|x64 = Debug|x64
		Debug|x86 = Debug|x86
		Release|Any CPU = Release|Any CPU
		Release|x64 = Release|x64
		Release|x86 = Release|x86
	EndGlobalSection
	GlobalSection(ProjectConfigurationPlatforms) = postSolution
		{646E0625-7585-47B6-8EE4-F2E36011CA0C}.Debug|Any CPU.ActiveCfg = Debug|Any CPU
		{646E0625-7585-47B6-8EE4-F2E36011CA0C}.Debug|Any CPU.Build.0 = Debug|Any CPU
		{646E0625-7585-47B6-8EE4-F2E36011CA0C}.Debug|x64.ActiveCfg = Debug|Any CPU
		{646E0625-7585-47B6-8EE4-F2E36011CA0C}.Debug|x64.Build.0 = Debug|Any CPU
		{646E0625-7585-47B6-8EE4-F2E36011CA0C}.Debug|x86.ActiveCfg = Debug|Any CPU
		{646E0625-7585-47B6-8EE4-F2E36011CA0C}.Debug|x86.Build.0 = Debug|Any CPU
		{646E0625-7585-47B6-8EE4-F2E36011CA0C}.Release|Any CPU.ActiveCfg = Release|Any CPU
		{646E0625-7585-47B6-8EE4-F2E36011CA0C}.Release|Any CPU.Build.0 = Release|Any CPU
		{646E0625-7585-47B6-8EE4-F2E36011CA0C}.Release|x64.ActiveCfg = Release|Any CPU
		{646E0625-7585-47B6-8EE4-F2E36011CA0C}.Release|x64.Build.0 = Release|Any CPU
		{646E0625-7585-47B6-8EE4-F2E36011CA0C}.Release|x86.ActiveCfg = Release|Any CPU
		{646E0625-7585-47B6-8EE4-F2E36011CA0C}.Release|x86.Build.0 = Release|Any CPU
		{E9444E4B-8ABA-44D9-9A10-3F3C96758F32}.Debug|Any CPU.ActiveCfg = Debug|Any CPU
		{E9444E4B-8ABA-44D9-9A10-3F3C96758F32}.Debug|Any CPU.Build.0 = Debug|Any CPU
		{E9444E4B-8ABA-44D9-9A10-3F3C96758F32}.Debug|x64.ActiveCfg = Debug|Any CPU
		{E9444E4B-8ABA-44D9-9A10-3F3C96758F32}.Debug|x64.Build.0 = Debug|Any CPU
		{E9444E4B-8ABA-44D9-9A10-3F3C96758F32}.Debug|x86.ActiveCfg = Debug|Any CPU
		{E9444E4B-8ABA-44D9-9A10-3F3C96758F32}.Debug|x86.Build.0 = Debug|Any CPU
		{E9444E4B-8ABA-44D9-9A10-3F3C96758F32}.Release|Any CPU.ActiveCfg = Release|Any CPU
		{E9444E4B-8ABA-44D9-9A10-3F3C96758F32}.Release|Any CPU.Build.0 = Release|Any CPU
		{E9444E4B-8ABA-44D9-9A10-3F3C96758F32}.Release|x64.ActiveCfg = Release|Any CPU
		{E9444E4B-8ABA-44D9-9A10-3F3C96758F32}.Release|x64.Build.0 = Release|Any CPU
		{E9444E4B-8ABA-44D9-9A10-3F3C96758F32}.Release|x86.ActiveCfg = Release|Any CPU
		{E9444E4B-8ABA-44D9-9A10-3F3C96758F32}.Release|x86.Build.0 = Release|Any CPU
	EndGlobalSection
	GlobalSection(SolutionProperties) = preSolution
		HideSolutionNode = FALSE
	EndGlobalSection
	GlobalSection(ExtensibilityGlobals) = postSolution
		SolutionGuid = {04DB23C3-E9FA-4981-BD8F-ECA003A2637B}
	EndGlobalSection
EndGlobal
